PODS:
  - application_icon (0.0.1):
    - Flutter
  - Flutter (1.0.0)

DEPENDENCIES:
  - application_icon (from `.symlinks/plugins/application_icon/ios`)
  - Flutter (from `Flutter`)

EXTERNAL SOURCES:
  application_icon:
    :path: ".symlinks/plugins/application_icon/ios"
  Flutter:
    :path: Flutter

SPEC CHECKSUMS:
  application_icon: 6c882fd954934784443dad48a169cadb5f326cb1
  Flutter: 434fef37c0980e73bb6479ef766c45957d4b510c

PODFILE CHECKSUM: aafe91acc616949ddb318b77800a7f51bffa2a4c

COCOAPODS: 1.10.1
